
Microsoft Visual Studio Solution File, Format Version 12.00
# Visual Studio 15
VisualStudioVersion = 15.0.26124.0
MinimumVisualStudioVersion = 15.0.26124.0
Project("{FAE04EC0-301F-11D3-BF4B-00C04F79EFBC}") = "ToRomanNumerals", "src\ToRomanNumerals.csproj", "{F834A8AE-04AF-4840-A005-21B711E9995E}"
EndProject
Project("{FAE04EC0-301F-11D3-BF4B-00C04F79EFBC}") = "ToRomanNumeralsTests", "tests\ToRomanNumeralsTests.csproj", "{D69E8C92-3557-4D0B-9597-9D7F2119A8E6}"
EndProject
Global
	GlobalSection(SolutionConfigurationPlatforms) = preSolution
		Debug|Any CPU = Debug|Any CPU
		Debug|x64 = Debug|x64
		Debug|x86 = Debug|x86
		Release|Any CPU = Release|Any CPU
		Release|x64 = Release|x64
		Release|x86 = Release|x86
	EndGlobalSection
	GlobalSection(SolutionProperties) = preSolution
		HideSolutionNode = FALSE
	EndGlobalSection
	GlobalSection(ProjectConfigurationPlatforms) = postSolution
		{F834A8AE-04AF-4840-A005-21B711E9995E}.Debug|Any CPU.ActiveCfg = Debug|Any CPU
		{F834A8AE-04AF-4840-A005-21B711E9995E}.Debug|Any CPU.Build.0 = Debug|Any CPU
		{F834A8AE-04AF-4840-A005-21B711E9995E}.Debug|x64.ActiveCfg = Debug|Any CPU
		{F834A8AE-04AF-4840-A005-21B711E9995E}.Debug|x64.Build.0 = Debug|Any CPU
		{F834A8AE-04AF-4840-A005-21B711E9995E}.Debug|x86.ActiveCfg = Debug|Any CPU
		{F834A8AE-04AF-4840-A005-21B711E9995E}.Debug|x86.Build.0 = Debug|Any CPU
		{F834A8AE-04AF-4840-A005-21B711E9995E}.Release|Any CPU.ActiveCfg = Release|Any CPU
		{F834A8AE-04AF-4840-A005-21B711E9995E}.Release|Any CPU.Build.0 = Release|Any CPU
		{F834A8AE-04AF-4840-A005-21B711E9995E}.Release|x64.ActiveCfg = Release|Any CPU
		{F834A8AE-04AF-4840-A005-21B711E9995E}.Release|x64.Build.0 = Release|Any CPU
		{F834A8AE-04AF-4840-A005-21B711E9995E}.Release|x86.ActiveCfg = Release|Any CPU
		{F834A8AE-04AF-4840-A005-21B711E9995E}.Release|x86.Build.0 = Release|Any CPU
		{D69E8C92-3557-4D0B-9597-9D7F2119A8E6}.Debug|Any CPU.ActiveCfg = Debug|Any CPU
		{D69E8C92-3557-4D0B-9597-9D7F2119A8E6}.Debug|Any CPU.Build.0 = Debug|Any CPU
		{D69E8C92-3557-4D0B-9597-9D7F2119A8E6}.Debug|x64.ActiveCfg = Debug|Any CPU
		{D69E8C92-3557-4D0B-9597-9D7F2119A8E6}.Debug|x64.Build.0 = Debug|Any CPU
		{D69E8C92-3557-4D0B-9597-9D7F2119A8E6}.Debug|x86.ActiveCfg = Debug|Any CPU
		{D69E8C92-3557-4D0B-9597-9D7F2119A8E6}.Debug|x86.Build.0 = Debug|Any CPU
		{D69E8C92-3557-4D0B-9597-9D7F2119A8E6}.Release|Any CPU.ActiveCfg = Release|Any CPU
		{D69E8C92-3557-4D0B-9597-9D7F2119A8E6}.Release|Any CPU.Build.0 = Release|Any CPU
		{D69E8C92-3557-4D0B-9597-9D7F2119A8E6}.Release|x64.ActiveCfg = Release|Any CPU
		{D69E8C92-3557-4D0B-9597-9D7F2119A8E6}.Release|x64.Build.0 = Release|Any CPU
		{D69E8C92-3557-4D0B-9597-9D7F2119A8E6}.Release|x86.ActiveCfg = Release|Any CPU
		{D69E8C92-3557-4D0B-9597-9D7F2119A8E6}.Release|x86.Build.0 = Release|Any CPU
	EndGlobalSection
EndGlobal
